{
  "name": "@adriangodong/app-nomodule",
  "version": "1.0.0",
  "lockfileVersion": 1,
  "requires": true,
  "dependencies": {
    "@adriangodong/lib-react-webpack": {
      "version": "file:../lib-react-webpack",
      "dev": true
    },
    "@adriangodong/lib-rollup-umd": {
      "version": "file:../lib-rollup-umd",
      "dev": true
    }
  }
}
